
Microsoft Visual Studio Solution File, Format Version 12.00
# Visual Studio Version 17
VisualStudioVersion = 17.4.33205.214
MinimumVisualStudioVersion = 10.0.40219.1
Project("{FAE04EC0-301F-11D3-BF4B-00C04F79EFBC}") = "Homeworks", "Homeworks\Homeworks.csproj", "{B02E4AAE-04C8-4E1E-9DB5-CCE923046458}"
EndProject
Project("{FAE04EC0-301F-11D3-BF4B-00C04F79EFBC}") = "Lesson", "Lesson\Lesson.csproj", "{16CE1C79-1352-4E4E-A8D8-2780742A6FD1}"
EndProject
Global
	GlobalSection(SolutionConfigurationPlatforms) = preSolution
		Debug|Any CPU = Debug|Any CPU
		Release|Any CPU = Release|Any CPU
	EndGlobalSection
	GlobalSection(ProjectConfigurationPlatforms) = postSolution
		{B02E4AAE-04C8-4E1E-9DB5-CCE923046458}.Debug|Any CPU.ActiveCfg = Debug|Any CPU
		{B02E4AAE-04C8-4E1E-9DB5-CCE923046458}.Debug|Any CPU.Build.0 = Debug|Any CPU
		{B02E4AAE-04C8-4E1E-9DB5-CCE923046458}.Release|Any CPU.ActiveCfg = Release|Any CPU
		{B02E4AAE-04C8-4E1E-9DB5-CCE923046458}.Release|Any CPU.Build.0 = Release|Any CPU
		{16CE1C79-1352-4E4E-A8D8-2780742A6FD1}.Debug|Any CPU.ActiveCfg = Debug|Any CPU
		{16CE1C79-1352-4E4E-A8D8-2780742A6FD1}.Debug|Any CPU.Build.0 = Debug|Any CPU
		{16CE1C79-1352-4E4E-A8D8-2780742A6FD1}.Release|Any CPU.ActiveCfg = Release|Any CPU
		{16CE1C79-1352-4E4E-A8D8-2780742A6FD1}.Release|Any CPU.Build.0 = Release|Any CPU
	EndGlobalSection
	GlobalSection(SolutionProperties) = preSolution
		HideSolutionNode = FALSE
	EndGlobalSection
	GlobalSection(ExtensibilityGlobals) = postSolution
		SolutionGuid = {EABDD77A-8C7F-4E96-8CA9-3ABA43D408B4}
	EndGlobalSection
EndGlobal
